// !$*UTF8*$!
{
	archiveVersion = 1;
	classes = {
	};
	objectVersion = 55;
	objects = {

/* Begin PBXBuildFile section */
		580BAEAF297BFD4500DEBC3E /* UIColor+Extension.swift in Sources */ = {isa = PBXBuildFile; fileRef = 580BAEAE297BFD4500DEBC3E /* UIColor+Extension.swift */; };
		580BAEB9297C0DF700DEBC3E /* ScanQRButtonView.swift in Sources */ = {isa = PBXBuildFile; fileRef = 580BAEB8297C0DF700DEBC3E /* ScanQRButtonView.swift */; };
		580BAEBC297C4CD800DEBC3E /* FirebaseMessaging in Frameworks */ = {isa = PBXBuildFile; productRef = 580BAEBB297C4CD800DEBC3E /* FirebaseMessaging */; };
		580BAEBE297C4D1F00DEBC3E /* GoogleService-Info.plist in Resources */ = {isa = PBXBuildFile; fileRef = 580BAEBD297C4D1F00DEBC3E /* GoogleService-Info.plist */; };
		5841198B298290E700C5AE81 /* TokenViewController.swift in Sources */ = {isa = PBXBuildFile; fileRef = 5841198A298290E700C5AE81 /* TokenViewController.swift */; };
		584794882985046000B41B91 /* SRCountdownTimer.swift in Sources */ = {isa = PBXBuildFile; fileRef = 584794872985046000B41B91 /* SRCountdownTimer.swift */; };
		5847948A2985059A00B41B91 /* UILabel+Extensions.swift in Sources */ = {isa = PBXBuildFile; fileRef = 584794892985059A00B41B91 /* UILabel+Extensions.swift */; };
		5847948C2985074F00B41B91 /* UITableView+Extension.swift in Sources */ = {isa = PBXBuildFile; fileRef = 5847948B2985074F00B41B91 /* UITableView+Extension.swift */; };
		5859E0A4297BE87C004BF368 /* AppDelegate.swift in Sources */ = {isa = PBXBuildFile; fileRef = 5859E0A3297BE87C004BF368 /* AppDelegate.swift */; };
		5859E0A6297BE87C004BF368 /* SceneDelegate.swift in Sources */ = {isa = PBXBuildFile; fileRef = 5859E0A5297BE87C004BF368 /* SceneDelegate.swift */; };
		5859E0AE297BE87C004BF368 /* Cybotronics_SSO.xcdatamodeld in Sources */ = {isa = PBXBuildFile; fileRef = 5859E0AC297BE87C004BF368 /* Cybotronics_SSO.xcdatamodeld */; };
		5859E0B0297BE87D004BF368 /* Assets.xcassets in Resources */ = {isa = PBXBuildFile; fileRef = 5859E0AF297BE87D004BF368 /* Assets.xcassets */; };
		5859E0BE297BEEEB004BF368 /* HomeViewController.swift in Sources */ = {isa = PBXBuildFile; fileRef = 5859E0BD297BEEEB004BF368 /* HomeViewController.swift */; };
		5859E0C2297BF0BE004BF368 /* UIView+Extensions.swift in Sources */ = {isa = PBXBuildFile; fileRef = 5859E0C1297BF0BE004BF368 /* UIView+Extensions.swift */; };
		5859E0C4297BF154004BF368 /* UIScreen+Extension.swift in Sources */ = {isa = PBXBuildFile; fileRef = 5859E0C3297BF154004BF368 /* UIScreen+Extension.swift */; };
		5859E0C6297BF28F004BF368 /* ScreenOrientation.swift in Sources */ = {isa = PBXBuildFile; fileRef = 5859E0C5297BF28F004BF368 /* ScreenOrientation.swift */; };
		58A8202B2986489A0063ABC7 /* TokenViewModel.swift in Sources */ = {isa = PBXBuildFile; fileRef = 58A8202A2986489A0063ABC7 /* TokenViewModel.swift */; };
		58A8203029864B730063ABC7 /* TokenTableViewCell.swift in Sources */ = {isa = PBXBuildFile; fileRef = 58A8202F29864B730063ABC7 /* TokenTableViewCell.swift */; };
		58D13587297F6BF100125A00 /* QRScannerViewController.swift in Sources */ = {isa = PBXBuildFile; fileRef = 58D13586297F6BF100125A00 /* QRScannerViewController.swift */; };
		58D13589297F6C7F00125A00 /* CameraPermission.swift in Sources */ = {isa = PBXBuildFile; fileRef = 58D13588297F6C7F00125A00 /* CameraPermission.swift */; };
		58D1358B297F6D0F00125A00 /* UIApplication+Extensions.swift in Sources */ = {isa = PBXBuildFile; fileRef = 58D1358A297F6D0F00125A00 /* UIApplication+Extensions.swift */; };
		58D1358D297F700A00125A00 /* UIViewController+Extenions.swift in Sources */ = {isa = PBXBuildFile; fileRef = 58D1358C297F700A00125A00 /* UIViewController+Extenions.swift */; };
/* End PBXBuildFile section */

/* Begin PBXFileReference section */
		580BAEAE297BFD4500DEBC3E /* UIColor+Extension.swift */ = {isa = PBXFileReference; fileEncoding = 4; lastKnownFileType = sourcecode.swift; path = "UIColor+Extension.swift"; sourceTree = "<group>"; };
		580BAEB8297C0DF700DEBC3E /* ScanQRButtonView.swift */ = {isa = PBXFileReference; lastKnownFileType = sourcecode.swift; path = ScanQRButtonView.swift; sourceTree = "<group>"; };
		580BAEBD297C4D1F00DEBC3E /* GoogleService-Info.plist */ = {isa = PBXFileReference; fileEncoding = 4; lastKnownFileType = text.plist.xml; path = "GoogleService-Info.plist"; sourceTree = "<group>"; };
		5841198A298290E700C5AE81 /* TokenViewController.swift */ = {isa = PBXFileReference; lastKnownFileType = sourcecode.swift; path = TokenViewController.swift; sourceTree = "<group>"; };
		584794872985046000B41B91 /* SRCountdownTimer.swift */ = {isa = PBXFileReference; lastKnownFileType = sourcecode.swift; path = SRCountdownTimer.swift; sourceTree = "<group>"; };
		584794892985059A00B41B91 /* UILabel+Extensions.swift */ = {isa = PBXFileReference; lastKnownFileType = sourcecode.swift; path = "UILabel+Extensions.swift"; sourceTree = "<group>"; };
		5847948B2985074F00B41B91 /* UITableView+Extension.swift */ = {isa = PBXFileReference; lastKnownFileType = sourcecode.swift; path = "UITableView+Extension.swift"; sourceTree = "<group>"; };
		5859E0A0297BE87C004BF368 /* Cybotronics-SSO.app */ = {isa = PBXFileReference; explicitFileType = wrapper.application; includeInIndex = 0; path = "Cybotronics-SSO.app"; sourceTree = BUILT_PRODUCTS_DIR; };
		5859E0A3297BE87C004BF368 /* AppDelegate.swift */ = {isa = PBXFileReference; lastKnownFileType = sourcecode.swift; path = AppDelegate.swift; sourceTree = "<group>"; };
		5859E0A5297BE87C004BF368 /* SceneDelegate.swift */ = {isa = PBXFileReference; lastKnownFileType = sourcecode.swift; path = SceneDelegate.swift; sourceTree = "<group>"; };
		5859E0AD297BE87C004BF368 /* Cybotronics_SSO.xcdatamodel */ = {isa = PBXFileReference; lastKnownFileType = wrapper.xcdatamodel; path = Cybotronics_SSO.xcdatamodel; sourceTree = "<group>"; };
		5859E0AF297BE87D004BF368 /* Assets.xcassets */ = {isa = PBXFileReference; lastKnownFileType = folder.assetcatalog; path = Assets.xcassets; sourceTree = "<group>"; };
		5859E0B4297BE87D004BF368 /* Info.plist */ = {isa = PBXFileReference; lastKnownFileType = text.plist.xml; path = Info.plist; sourceTree = "<group>"; };
		5859E0BD297BEEEB004BF368 /* HomeViewController.swift */ = {isa = PBXFileReference; lastKnownFileType = sourcecode.swift; path = HomeViewController.swift; sourceTree = "<group>"; };
		5859E0C1297BF0BE004BF368 /* UIView+Extensions.swift */ = {isa = PBXFileReference; lastKnownFileType = sourcecode.swift; path = "UIView+Extensions.swift"; sourceTree = "<group>"; };
		5859E0C3297BF154004BF368 /* UIScreen+Extension.swift */ = {isa = PBXFileReference; fileEncoding = 4; lastKnownFileType = sourcecode.swift; path = "UIScreen+Extension.swift"; sourceTree = "<group>"; };
		5859E0C5297BF28F004BF368 /* ScreenOrientation.swift */ = {isa = PBXFileReference; fileEncoding = 4; lastKnownFileType = sourcecode.swift; path = ScreenOrientation.swift; sourceTree = "<group>"; };
		58A8202A2986489A0063ABC7 /* TokenViewModel.swift */ = {isa = PBXFileReference; fileEncoding = 4; lastKnownFileType = sourcecode.swift; path = TokenViewModel.swift; sourceTree = "<group>"; };
		58A8202F29864B730063ABC7 /* TokenTableViewCell.swift */ = {isa = PBXFileReference; lastKnownFileType = sourcecode.swift; path = TokenTableViewCell.swift; sourceTree = "<group>"; };
		58D13586297F6BF100125A00 /* QRScannerViewController.swift */ = {isa = PBXFileReference; lastKnownFileType = sourcecode.swift; path = QRScannerViewController.swift; sourceTree = "<group>"; };
		58D13588297F6C7F00125A00 /* CameraPermission.swift */ = {isa = PBXFileReference; lastKnownFileType = sourcecode.swift; path = CameraPermission.swift; sourceTree = "<group>"; };
		58D1358A297F6D0F00125A00 /* UIApplication+Extensions.swift */ = {isa = PBXFileReference; lastKnownFileType = sourcecode.swift; path = "UIApplication+Extensions.swift"; sourceTree = "<group>"; };
		58D1358C297F700A00125A00 /* UIViewController+Extenions.swift */ = {isa = PBXFileReference; lastKnownFileType = sourcecode.swift; path = "UIViewController+Extenions.swift"; sourceTree = "<group>"; };
/* End PBXFileReference section */

/* Begin PBXFrameworksBuildPhase section */
		5859E09D297BE87C004BF368 /* Frameworks */ = {
			isa = PBXFrameworksBuildPhase;
			buildActionMask = 2147483647;
			files = (
				580BAEBC297C4CD800DEBC3E /* FirebaseMessaging in Frameworks */,
			);
			runOnlyForDeploymentPostprocessing = 0;
		};
/* End PBXFrameworksBuildPhase section */

/* Begin PBXGroup section */
		58411989298290D400C5AE81 /* TokenViewController */ = {
			isa = PBXGroup;
			children = (
				58A8202D29864B420063ABC7 /* Model */,
				58A8202C29864B3A0063ABC7 /* ViewController */,
				58A8202E29864B4B0063ABC7 /* View */,
			);
			path = TokenViewController;
			sourceTree = "<group>";
		};
		584276B0298283D50084691A /* DataStore */ = {
			isa = PBXGroup;
			children = (
			);
			path = DataStore;
			sourceTree = "<group>";
		};
		5859E097297BE87C004BF368 = {
			isa = PBXGroup;
			children = (
				5859E0A2297BE87C004BF368 /* Cybotronics-SSO */,
				5859E0A1297BE87C004BF368 /* Products */,
			);
			sourceTree = "<group>";
		};
		5859E0A1297BE87C004BF368 /* Products */ = {
			isa = PBXGroup;
			children = (
				5859E0A0297BE87C004BF368 /* Cybotronics-SSO.app */,
			);
			name = Products;
			sourceTree = "<group>";
		};
		5859E0A2297BE87C004BF368 /* Cybotronics-SSO */ = {
			isa = PBXGroup;
			children = (
				58411989298290D400C5AE81 /* TokenViewController */,
				584276B0298283D50084691A /* DataStore */,
				58D13584297F6BC000125A00 /* QRScannerViewController */,
				5859E0C0297BF0AD004BF368 /* Extensions */,
				5859E0BC297BEED8004BF368 /* HomeViewController */,
				5859E0BA297BE88A004BF368 /* BaseClasses */,
				5859E0AF297BE87D004BF368 /* Assets.xcassets */,
				5859E0B4297BE87D004BF368 /* Info.plist */,
				5859E0AC297BE87C004BF368 /* Cybotronics_SSO.xcdatamodeld */,
			);
			path = "Cybotronics-SSO";
			sourceTree = "<group>";
		};
		5859E0BA297BE88A004BF368 /* BaseClasses */ = {
			isa = PBXGroup;
			children = (
				5859E0A5297BE87C004BF368 /* SceneDelegate.swift */,
				5859E0A3297BE87C004BF368 /* AppDelegate.swift */,
				580BAEBD297C4D1F00DEBC3E /* GoogleService-Info.plist */,
			);
			path = BaseClasses;
			sourceTree = "<group>";
		};
		5859E0BC297BEED8004BF368 /* HomeViewController */ = {
			isa = PBXGroup;
			children = (
				5859E0BF297BEEED004BF368 /* ViewController */,
			);
			path = HomeViewController;
			sourceTree = "<group>";
		};
		5859E0BF297BEEED004BF368 /* ViewController */ = {
			isa = PBXGroup;
			children = (
				5859E0BD297BEEEB004BF368 /* HomeViewController.swift */,
				580BAEB8297C0DF700DEBC3E /* ScanQRButtonView.swift */,
			);
			path = ViewController;
			sourceTree = "<group>";
		};
		5859E0C0297BF0AD004BF368 /* Extensions */ = {
			isa = PBXGroup;
			children = (
				580BAEAE297BFD4500DEBC3E /* UIColor+Extension.swift */,
				5859E0C3297BF154004BF368 /* UIScreen+Extension.swift */,
				5859E0C5297BF28F004BF368 /* ScreenOrientation.swift */,
				5859E0C1297BF0BE004BF368 /* UIView+Extensions.swift */,
				58D1358A297F6D0F00125A00 /* UIApplication+Extensions.swift */,
				58D1358C297F700A00125A00 /* UIViewController+Extenions.swift */,
				584794892985059A00B41B91 /* UILabel+Extensions.swift */,
				5847948B2985074F00B41B91 /* UITableView+Extension.swift */,
			);
			path = Extensions;
			sourceTree = "<group>";
		};
		58A8202C29864B3A0063ABC7 /* ViewController */ = {
			isa = PBXGroup;
			children = (
				5841198A298290E700C5AE81 /* TokenViewController.swift */,
			);
			path = ViewController;
			sourceTree = "<group>";
		};
		58A8202D29864B420063ABC7 /* Model */ = {
			isa = PBXGroup;
			children = (
				58A8202A2986489A0063ABC7 /* TokenViewModel.swift */,
			);
			path = Model;
			sourceTree = "<group>";
		};
		58A8202E29864B4B0063ABC7 /* View */ = {
			isa = PBXGroup;
			children = (
				584794872985046000B41B91 /* SRCountdownTimer.swift */,
				58A8202F29864B730063ABC7 /* TokenTableViewCell.swift */,
			);
			path = View;
			sourceTree = "<group>";
		};
		58D13584297F6BC000125A00 /* QRScannerViewController */ = {
			isa = PBXGroup;
			children = (
				58D13588297F6C7F00125A00 /* CameraPermission.swift */,
				58D13585297F6BDE00125A00 /* ViewController */,
			);
			path = QRScannerViewController;
			sourceTree = "<group>";
		};
		58D13585297F6BDE00125A00 /* ViewController */ = {
			isa = PBXGroup;
			children = (
				58D13586297F6BF100125A00 /* QRScannerViewController.swift */,
			);
			path = ViewController;
			sourceTree = "<group>";
		};
/* End PBXGroup section */

/* Begin PBXNativeTarget section */
		5859E09F297BE87C004BF368 /* Cybotronics-SSO */ = {
			isa = PBXNativeTarget;
			buildConfigurationList = 5859E0B7297BE87D004BF368 /* Build configuration list for PBXNativeTarget "Cybotronics-SSO" */;
			buildPhases = (
				5859E09C297BE87C004BF368 /* Sources */,
				5859E09D297BE87C004BF368 /* Frameworks */,
				5859E09E297BE87C004BF368 /* Resources */,
			);
			buildRules = (
			);
			dependencies = (
			);
			name = "Cybotronics-SSO";
			packageProductDependencies = (
				580BAEBB297C4CD800DEBC3E /* FirebaseMessaging */,
			);
			productName = "Cybotronics-SSO";
			productReference = 5859E0A0297BE87C004BF368 /* Cybotronics-SSO.app */;
			productType = "com.apple.product-type.application";
		};
/* End PBXNativeTarget section */

/* Begin PBXProject section */
		5859E098297BE87C004BF368 /* Project object */ = {
			isa = PBXProject;
			attributes = {
				BuildIndependentTargetsInParallel = 1;
				LastSwiftUpdateCheck = 1340;
				LastUpgradeCheck = 1340;
				TargetAttributes = {
					5859E09F297BE87C004BF368 = {
						CreatedOnToolsVersion = 13.4.1;
					};
				};
			};
			buildConfigurationList = 5859E09B297BE87C004BF368 /* Build configuration list for PBXProject "Cybotronics-SSO" */;
			compatibilityVersion = "Xcode 13.0";
			developmentRegion = en;
			hasScannedForEncodings = 0;
			knownRegions = (
				en,
				Base,
			);
			mainGroup = 5859E097297BE87C004BF368;
			packageReferences = (
				580BAEBA297C4CD800DEBC3E /* XCRemoteSwiftPackageReference "firebase-ios-sdk" */,
			);
			productRefGroup = 5859E0A1297BE87C004BF368 /* Products */;
			projectDirPath = "";
			projectRoot = "";
			targets = (
				5859E09F297BE87C004BF368 /* Cybotronics-SSO */,
			);
		};
/* End PBXProject section */

/* Begin PBXResourcesBuildPhase section */
		5859E09E297BE87C004BF368 /* Resources */ = {
			isa = PBXResourcesBuildPhase;
			buildActionMask = 2147483647;
			files = (
				5859E0B0297BE87D004BF368 /* Assets.xcassets in Resources */,
				580BAEBE297C4D1F00DEBC3E /* GoogleService-Info.plist in Resources */,
			);
			runOnlyForDeploymentPostprocessing = 0;
		};
/* End PBXResourcesBuildPhase section */

/* Begin PBXSourcesBuildPhase section */
		5859E09C297BE87C004BF368 /* Sources */ = {
			isa = PBXSourcesBuildPhase;
			buildActionMask = 2147483647;
			files = (
				58D13587297F6BF100125A00 /* QRScannerViewController.swift in Sources */,
				5847948A2985059A00B41B91 /* UILabel+Extensions.swift in Sources */,
				58D13589297F6C7F00125A00 /* CameraPermission.swift in Sources */,
				58D1358B297F6D0F00125A00 /* UIApplication+Extensions.swift in Sources */,
				58A8203029864B730063ABC7 /* TokenTableViewCell.swift in Sources */,
				58D1358D297F700A00125A00 /* UIViewController+Extenions.swift in Sources */,
				5859E0A4297BE87C004BF368 /* AppDelegate.swift in Sources */,
				5859E0A6297BE87C004BF368 /* SceneDelegate.swift in Sources */,
				5859E0C2297BF0BE004BF368 /* UIView+Extensions.swift in Sources */,
				584794882985046000B41B91 /* SRCountdownTimer.swift in Sources */,
				580BAEB9297C0DF700DEBC3E /* ScanQRButtonView.swift in Sources */,
				5847948C2985074F00B41B91 /* UITableView+Extension.swift in Sources */,
				5859E0AE297BE87C004BF368 /* Cybotronics_SSO.xcdatamodeld in Sources */,
				5859E0BE297BEEEB004BF368 /* HomeViewController.swift in Sources */,
				5841198B298290E700C5AE81 /* TokenViewController.swift in Sources */,
				58A8202B2986489A0063ABC7 /* TokenViewModel.swift in Sources */,
				5859E0C4297BF154004BF368 /* UIScreen+Extension.swift in Sources */,
				5859E0C6297BF28F004BF368 /* ScreenOrientation.swift in Sources */,
				580BAEAF297BFD4500DEBC3E /* UIColor+Extension.swift in Sources */,
			);
			runOnlyForDeploymentPostprocessing = 0;
		};
/* End PBXSourcesBuildPhase section */

/* Begin XCBuildConfiguration section */
		5859E0B5297BE87D004BF368 /* Debug */ = {
			isa = XCBuildConfiguration;
			buildSettings = {
				ALWAYS_SEARCH_USER_PATHS = NO;
				CLANG_ANALYZER_NONNULL = YES;
				CLANG_ANALYZER_NUMBER_OBJECT_CONVERSION = YES_AGGRESSIVE;
				CLANG_CXX_LANGUAGE_STANDARD = "gnu++17";
				CLANG_ENABLE_MODULES = YES;
				CLANG_ENABLE_OBJC_ARC = YES;
				CLANG_ENABLE_OBJC_WEAK = YES;
				CLANG_WARN_BLOCK_CAPTURE_AUTORELEASING = YES;
				CLANG_WARN_BOOL_CONVERSION = YES;
				CLANG_WARN_COMMA = YES;
				CLANG_WARN_CONSTANT_CONVERSION = YES;
				CLANG_WARN_DEPRECATED_OBJC_IMPLEMENTATIONS = YES;
				CLANG_WARN_DIRECT_OBJC_ISA_USAGE = YES_ERROR;
				CLANG_WARN_DOCUMENTATION_COMMENTS = YES;
				CLANG_WARN_EMPTY_BODY = YES;
				CLANG_WARN_ENUM_CONVERSION = YES;
				CLANG_WARN_INFINITE_RECURSION = YES;
				CLANG_WARN_INT_CONVERSION = YES;
				CLANG_WARN_NON_LITERAL_NULL_CONVERSION = YES;
				CLANG_WARN_OBJC_IMPLICIT_RETAIN_SELF = YES;
				CLANG_WARN_OBJC_LITERAL_CONVERSION = YES;
				CLANG_WARN_OBJC_ROOT_CLASS = YES_ERROR;
				CLANG_WARN_QUOTED_INCLUDE_IN_FRAMEWORK_HEADER = YES;
				CLANG_WARN_RANGE_LOOP_ANALYSIS = YES;
				CLANG_WARN_STRICT_PROTOTYPES = YES;
				CLANG_WARN_SUSPICIOUS_MOVE = YES;
				CLANG_WARN_UNGUARDED_AVAILABILITY = YES_AGGRESSIVE;
				CLANG_WARN_UNREACHABLE_CODE = YES;
				CLANG_WARN__DUPLICATE_METHOD_MATCH = YES;
				COPY_PHASE_STRIP = NO;
				DEBUG_INFORMATION_FORMAT = dwarf;
				ENABLE_STRICT_OBJC_MSGSEND = YES;
				ENABLE_TESTABILITY = YES;
				GCC_C_LANGUAGE_STANDARD = gnu11;
				GCC_DYNAMIC_NO_PIC = NO;
				GCC_NO_COMMON_BLOCKS = YES;
				GCC_OPTIMIZATION_LEVEL = 0;
				GCC_PREPROCESSOR_DEFINITIONS = (
					"DEBUG=1",
					"$(inherited)",
				);
				GCC_WARN_64_TO_32_BIT_CONVERSION = YES;
				GCC_WARN_ABOUT_RETURN_TYPE = YES_ERROR;
				GCC_WARN_UNDECLARED_SELECTOR = YES;
				GCC_WARN_UNINITIALIZED_AUTOS = YES_AGGRESSIVE;
				GCC_WARN_UNUSED_FUNCTION = YES;
				GCC_WARN_UNUSED_VARIABLE = YES;
				IPHONEOS_DEPLOYMENT_TARGET = 13.0;
				MTL_ENABLE_DEBUG_INFO = INCLUDE_SOURCE;
				MTL_FAST_MATH = YES;
				ONLY_ACTIVE_ARCH = YES;
				SDKROOT = iphoneos;
				SWIFT_ACTIVE_COMPILATION_CONDITIONS = DEBUG;
				SWIFT_OPTIMIZATION_LEVEL = "-Onone";
			};
			name = Debug;
		};
		5859E0B6297BE87D004BF368 /* Release */ = {
			isa = XCBuildConfiguration;
			buildSettings = {
				ALWAYS_SEARCH_USER_PATHS = NO;
				CLANG_ANALYZER_NONNULL = YES;
				CLANG_ANALYZER_NUMBER_OBJECT_CONVERSION = YES_AGGRESSIVE;
				CLANG_CXX_LANGUAGE_STANDARD = "gnu++17";
				CLANG_ENABLE_MODULES = YES;
				CLANG_ENABLE_OBJC_ARC = YES;
				CLANG_ENABLE_OBJC_WEAK = YES;
				CLANG_WARN_BLOCK_CAPTURE_AUTORELEASING = YES;
				CLANG_WARN_BOOL_CONVERSION = YES;
				CLANG_WARN_COMMA = YES;
				CLANG_WARN_CONSTANT_CONVERSION = YES;
				CLANG_WARN_DEPRECATED_OBJC_IMPLEMENTATIONS = YES;
				CLANG_WARN_DIRECT_OBJC_ISA_USAGE = YES_ERROR;
				CLANG_WARN_DOCUMENTATION_COMMENTS = YES;
				CLANG_WARN_EMPTY_BODY = YES;
				CLANG_WARN_ENUM_CONVERSION = YES;
				CLANG_WARN_INFINITE_RECURSION = YES;
				CLANG_WARN_INT_CONVERSION = YES;
				CLANG_WARN_NON_LITERAL_NULL_CONVERSION = YES;
				CLANG_WARN_OBJC_IMPLICIT_RETAIN_SELF = YES;
				CLANG_WARN_OBJC_LITERAL_CONVERSION = YES;
				CLANG_WARN_OBJC_ROOT_CLASS = YES_ERROR;
				CLANG_WARN_QUOTED_INCLUDE_IN_FRAMEWORK_HEADER = YES;
				CLANG_WARN_RANGE_LOOP_ANALYSIS = YES;
				CLANG_WARN_STRICT_PROTOTYPES = YES;
				CLANG_WARN_SUSPICIOUS_MOVE = YES;
				CLANG_WARN_UNGUARDED_AVAILABILITY = YES_AGGRESSIVE;
				CLANG_WARN_UNREACHABLE_CODE = YES;
				CLANG_WARN__DUPLICATE_METHOD_MATCH = YES;
				COPY_PHASE_STRIP = NO;
				DEBUG_INFORMATION_FORMAT = "dwarf-with-dsym";
				ENABLE_NS_ASSERTIONS = NO;
				ENABLE_STRICT_OBJC_MSGSEND = YES;
				GCC_C_LANGUAGE_STANDARD = gnu11;
				GCC_NO_COMMON_BLOCKS = YES;
				GCC_WARN_64_TO_32_BIT_CONVERSION = YES;
				GCC_WARN_ABOUT_RETURN_TYPE = YES_ERROR;
				GCC_WARN_UNDECLARED_SELECTOR = YES;
				GCC_WARN_UNINITIALIZED_AUTOS = YES_AGGRESSIVE;
				GCC_WARN_UNUSED_FUNCTION = YES;
				GCC_WARN_UNUSED_VARIABLE = YES;
				IPHONEOS_DEPLOYMENT_TARGET = 13.0;
				MTL_ENABLE_DEBUG_INFO = NO;
				MTL_FAST_MATH = YES;
				SDKROOT = iphoneos;
				SWIFT_COMPILATION_MODE = wholemodule;
				SWIFT_OPTIMIZATION_LEVEL = "-O";
				VALIDATE_PRODUCT = YES;
			};
			name = Release;
		};
		5859E0B8297BE87D004BF368 /* Debug */ = {
			isa = XCBuildConfiguration;
			buildSettings = {
				ASSETCATALOG_COMPILER_APPICON_NAME = AppIcon;
				ASSETCATALOG_COMPILER_GLOBAL_ACCENT_COLOR_NAME = AccentColor;
				CODE_SIGN_IDENTITY = "Apple Development";
				CODE_SIGN_STYLE = Automatic;
				CURRENT_PROJECT_VERSION = 1;
				DEVELOPMENT_TEAM = 8HL6GD96GK;
				GENERATE_INFOPLIST_FILE = YES;
				INFOPLIST_FILE = "Cybotronics-SSO/Info.plist";
				INFOPLIST_KEY_UIApplicationSupportsIndirectInputEvents = YES;
				INFOPLIST_KEY_UILaunchStoryboardName = " ";
				INFOPLIST_KEY_UISupportedInterfaceOrientations = UIInterfaceOrientationPortrait;
				INFOPLIST_KEY_UISupportedInterfaceOrientations_iPad = "UIInterfaceOrientationPortrait UIInterfaceOrientationPortraitUpsideDown UIInterfaceOrientationLandscapeLeft UIInterfaceOrientationLandscapeRight";
				INFOPLIST_KEY_UISupportedInterfaceOrientations_iPhone = "UIInterfaceOrientationPortrait UIInterfaceOrientationLandscapeLeft UIInterfaceOrientationLandscapeRight";
				LD_RUNPATH_SEARCH_PATHS = (
					"$(inherited)",
					"@executable_path/Frameworks",
				);
				MARKETING_VERSION = 1.0;
				PRODUCT_BUNDLE_IDENTIFIER = com.authenticator.cybotronics;
				PRODUCT_NAME = "$(TARGET_NAME)";
				PROVISIONING_PROFILE_SPECIFIER = "";
				SWIFT_EMIT_LOC_STRINGS = YES;
				SWIFT_VERSION = 5.0;
				TARGETED_DEVICE_FAMILY = "1,2";
			};
			name = Debug;
		};
		5859E0B9297BE87D004BF368 /* Release */ = {
			isa = XCBuildConfiguration;
			buildSettings = {
				ASSETCATALOG_COMPILER_APPICON_NAME = AppIcon;
				ASSETCATALOG_COMPILER_GLOBAL_ACCENT_COLOR_NAME = AccentColor;
				CODE_SIGN_IDENTITY = "Apple Development";
				CODE_SIGN_STYLE = Automatic;
				CURRENT_PROJECT_VERSION = 1;
				DEVELOPMENT_TEAM = 8HL6GD96GK;
				GENERATE_INFOPLIST_FILE = YES;
				INFOPLIST_FILE = "Cybotronics-SSO/Info.plist";
				INFOPLIST_KEY_UIApplicationSupportsIndirectInputEvents = YES;
				INFOPLIST_KEY_UILaunchStoryboardName = " ";
				INFOPLIST_KEY_UISupportedInterfaceOrientations = UIInterfaceOrientationPortrait;
				INFOPLIST_KEY_UISupportedInterfaceOrientations_iPad = "UIInterfaceOrientationPortrait UIInterfaceOrientationPortraitUpsideDown UIInterfaceOrientationLandscapeLeft UIInterfaceOrientationLandscapeRight";
				INFOPLIST_KEY_UISupportedInterfaceOrientations_iPhone = "UIInterfaceOrientationPortrait UIInterfaceOrientationLandscapeLeft UIInterfaceOrientationLandscapeRight";
				LD_RUNPATH_SEARCH_PATHS = (
					"$(inherited)",
					"@executable_path/Frameworks",
				);
				MARKETING_VERSION = 1.0;
				PRODUCT_BUNDLE_IDENTIFIER = com.authenticator.cybotronics;
				PRODUCT_NAME = "$(TARGET_NAME)";
				PROVISIONING_PROFILE_SPECIFIER = "";
				SWIFT_EMIT_LOC_STRINGS = YES;
				SWIFT_VERSION = 5.0;
				TARGETED_DEVICE_FAMILY = "1,2";
			};
			name = Release;
		};
/* End XCBuildConfiguration section */

/* Begin XCConfigurationList section */
		5859E09B297BE87C004BF368 /* Build configuration list for PBXProject "Cybotronics-SSO" */ = {
			isa = XCConfigurationList;
			buildConfigurations = (
				5859E0B5297BE87D004BF368 /* Debug */,
				5859E0B6297BE87D004BF368 /* Release */,
			);
			defaultConfigurationIsVisible = 0;
			defaultConfigurationName = Release;
		};
		5859E0B7297BE87D004BF368 /* Build configuration list for PBXNativeTarget "Cybotronics-SSO" */ = {
			isa = XCConfigurationList;
			buildConfigurations = (
				5859E0B8297BE87D004BF368 /* Debug */,
				5859E0B9297BE87D004BF368 /* Release */,
			);
			defaultConfigurationIsVisible = 0;
			defaultConfigurationName = Release;
		};
/* End XCConfigurationList section */

/* Begin XCRemoteSwiftPackageReference section */
		580BAEBA297C4CD800DEBC3E /* XCRemoteSwiftPackageReference "firebase-ios-sdk" */ = {
			isa = XCRemoteSwiftPackageReference;
			repositoryURL = "https://github.com/firebase/firebase-ios-sdk";
			requirement = {
				kind = upToNextMajorVersion;
				minimumVersion = 9.0.0;
			};
		};
/* End XCRemoteSwiftPackageReference section */

/* Begin XCSwiftPackageProductDependency section */
		580BAEBB297C4CD800DEBC3E /* FirebaseMessaging */ = {
			isa = XCSwiftPackageProductDependency;
			package = 580BAEBA297C4CD800DEBC3E /* XCRemoteSwiftPackageReference "firebase-ios-sdk" */;
			productName = FirebaseMessaging;
		};
/* End XCSwiftPackageProductDependency section */

/* Begin XCVersionGroup section */
		5859E0AC297BE87C004BF368 /* Cybotronics_SSO.xcdatamodeld */ = {
			isa = XCVersionGroup;
			children = (
				5859E0AD297BE87C004BF368 /* Cybotronics_SSO.xcdatamodel */,
			);
			currentVersion = 5859E0AD297BE87C004BF368 /* Cybotronics_SSO.xcdatamodel */;
			path = Cybotronics_SSO.xcdatamodeld;
			sourceTree = "<group>";
			versionGroupType = wrapper.xcdatamodel;
		};
/* End XCVersionGroup section */
	};
	rootObject = 5859E098297BE87C004BF368 /* Project object */;
}
